// !$*UTF8*$!
{
	archiveVersion = 1;
	classes = {
	};
	objectVersion = 46;
	objects = {

/* Begin PBXBuildFile section */
		4309ED6C1CA0E6510000FBBE /* main.m in Sources */ = {isa = PBXBuildFile; fileRef = 4309ED6B1CA0E6510000FBBE /* main.m */; };
		4309ED6F1CA0E6510000FBBE /* AppDelegate.m in Sources */ = {isa = PBXBuildFile; fileRef = 4309ED6E1CA0E6510000FBBE /* AppDelegate.m */; };
		4309ED721CA0E6510000FBBE /* ViewController.m in Sources */ = {isa = PBXBuildFile; fileRef = 4309ED711CA0E6510000FBBE /* ViewController.m */; };
		4309ED751CA0E6510000FBBE /* Main.storyboard in Resources */ = {isa = PBXBuildFile; fileRef = 4309ED731CA0E6510000FBBE /* Main.storyboard */; };
		4309ED771CA0E6510000FBBE /* Assets.xcassets in Resources */ = {isa = PBXBuildFile; fileRef = 4309ED761CA0E6510000FBBE /* Assets.xcassets */; };
		4309ED871CA0E6E60000FBBE /* Person.m in Sources */ = {isa = PBXBuildFile; fileRef = 4309ED861CA0E6E60000FBBE /* Person.m */; };
		4309ED901CA0EB730000FBBE /* HomeViewController.m in Sources */ = {isa = PBXBuildFile; fileRef = 4309ED8E1CA0EB730000FBBE /* HomeViewController.m */; };
		4309ED911CA0EB730000FBBE /* HomeViewController.xib in Resources */ = {isa = PBXBuildFile; fileRef = 4309ED8F1CA0EB730000FBBE /* HomeViewController.xib */; };
		4309ED931CA0ECCA0000FBBE /* Default-568h@2x.png in Resources */ = {isa = PBXBuildFile; fileRef = 4309ED921CA0ECCA0000FBBE /* Default-568h@2x.png */; };
		4309ED961CA0ECFA0000FBBE /* Person+test.m in Sources */ = {isa = PBXBuildFile; fileRef = 4309ED951CA0ECFA0000FBBE /* Person+test.m */; };
/* End PBXBuildFile section */

/* Begin PBXFileReference section */
		4309ED671CA0E6500000FBBE /* objc_runtime_002.app */ = {isa = PBXFileReference; explicitFileType = wrapper.application; includeInIndex = 0; path = objc_runtime_002.app; sourceTree = BUILT_PRODUCTS_DIR; };
		4309ED6B1CA0E6510000FBBE /* main.m */ = {isa = PBXFileReference; lastKnownFileType = sourcecode.c.objc; path = main.m; sourceTree = "<group>"; };
		4309ED6D1CA0E6510000FBBE /* AppDelegate.h */ = {isa = PBXFileReference; lastKnownFileType = sourcecode.c.h; path = AppDelegate.h; sourceTree = "<group>"; };
		4309ED6E1CA0E6510000FBBE /* AppDelegate.m */ = {isa = PBXFileReference; lastKnownFileType = sourcecode.c.objc; path = AppDelegate.m; sourceTree = "<group>"; };
		4309ED701CA0E6510000FBBE /* ViewController.h */ = {isa = PBXFileReference; lastKnownFileType = sourcecode.c.h; path = ViewController.h; sourceTree = "<group>"; };
		4309ED711CA0E6510000FBBE /* ViewController.m */ = {isa = PBXFileReference; lastKnownFileType = sourcecode.c.objc; path = ViewController.m; sourceTree = "<group>"; };
		4309ED741CA0E6510000FBBE /* Base */ = {isa = PBXFileReference; lastKnownFileType = file.storyboard; name = Base; path = Base.lproj/Main.storyboard; sourceTree = "<group>"; };
		4309ED761CA0E6510000FBBE /* Assets.xcassets */ = {isa = PBXFileReference; lastKnownFileType = folder.assetcatalog; path = Assets.xcassets; sourceTree = "<group>"; };
		4309ED7B1CA0E6510000FBBE /* Info.plist */ = {isa = PBXFileReference; lastKnownFileType = text.plist.xml; path = Info.plist; sourceTree = "<group>"; };
		4309ED851CA0E6E60000FBBE /* Person.h */ = {isa = PBXFileReference; fileEncoding = 4; lastKnownFileType = sourcecode.c.h; path = Person.h; sourceTree = "<group>"; };
		4309ED861CA0E6E60000FBBE /* Person.m */ = {isa = PBXFileReference; fileEncoding = 4; lastKnownFileType = sourcecode.c.objc; path = Person.m; sourceTree = "<group>"; };
		4309ED8D1CA0EB730000FBBE /* HomeViewController.h */ = {isa = PBXFileReference; fileEncoding = 4; lastKnownFileType = sourcecode.c.h; path = HomeViewController.h; sourceTree = "<group>"; };
		4309ED8E1CA0EB730000FBBE /* HomeViewController.m */ = {isa = PBXFileReference; fileEncoding = 4; lastKnownFileType = sourcecode.c.objc; path = HomeViewController.m; sourceTree = "<group>"; };
		4309ED8F1CA0EB730000FBBE /* HomeViewController.xib */ = {isa = PBXFileReference; fileEncoding = 4; lastKnownFileType = file.xib; path = HomeViewController.xib; sourceTree = "<group>"; };
		4309ED921CA0ECCA0000FBBE /* Default-568h@2x.png */ = {isa = PBXFileReference; lastKnownFileType = image.png; path = "Default-568h@2x.png"; sourceTree = "<group>"; };
		4309ED941CA0ECFA0000FBBE /* Person+test.h */ = {isa = PBXFileReference; fileEncoding = 4; lastKnownFileType = sourcecode.c.h; path = "Person+test.h"; sourceTree = "<group>"; };
		4309ED951CA0ECFA0000FBBE /* Person+test.m */ = {isa = PBXFileReference; fileEncoding = 4; lastKnownFileType = sourcecode.c.objc; path = "Person+test.m"; sourceTree = "<group>"; };
/* End PBXFileReference section */

/* Begin PBXFrameworksBuildPhase section */
		4309ED641CA0E6500000FBBE /* Frameworks */ = {
			isa = PBXFrameworksBuildPhase;
			buildActionMask = 2147483647;
			files = (
			);
			runOnlyForDeploymentPostprocessing = 0;
		};
/* End PBXFrameworksBuildPhase section */

/* Begin PBXGroup section */
		4309ED5E1CA0E6500000FBBE = {
			isa = PBXGroup;
			children = (
				4309ED921CA0ECCA0000FBBE /* Default-568h@2x.png */,
				4309ED691CA0E6500000FBBE /* objc_runtime_002 */,
				4309ED681CA0E6500000FBBE /* Products */,
			);
			sourceTree = "<group>";
		};
		4309ED681CA0E6500000FBBE /* Products */ = {
			isa = PBXGroup;
			children = (
				4309ED671CA0E6500000FBBE /* objc_runtime_002.app */,
			);
			name = Products;
			sourceTree = "<group>";
		};
		4309ED691CA0E6500000FBBE /* objc_runtime_002 */ = {
			isa = PBXGroup;
			children = (
				4309ED821CA0E6AF0000FBBE /* Models */,
				4309ED831CA0E6B50000FBBE /* Views */,
				4309ED841CA0E6C40000FBBE /* Controllers */,
				4309ED761CA0E6510000FBBE /* Assets.xcassets */,
				4309ED811CA0E6800000FBBE /* Backup */,
				4309ED6A1CA0E6500000FBBE /* Supporting Files */,
			);
			path = objc_runtime_002;
			sourceTree = "<group>";
		};
		4309ED6A1CA0E6500000FBBE /* Supporting Files */ = {
			isa = PBXGroup;
			children = (
				4309ED7B1CA0E6510000FBBE /* Info.plist */,
				4309ED6B1CA0E6510000FBBE /* main.m */,
			);
			name = "Supporting Files";
			sourceTree = "<group>";
		};
		4309ED811CA0E6800000FBBE /* Backup */ = {
			isa = PBXGroup;
			children = (
				4309ED6D1CA0E6510000FBBE /* AppDelegate.h */,
				4309ED6E1CA0E6510000FBBE /* AppDelegate.m */,
				4309ED701CA0E6510000FBBE /* ViewController.h */,
				4309ED711CA0E6510000FBBE /* ViewController.m */,
				4309ED731CA0E6510000FBBE /* Main.storyboard */,
			);
			name = Backup;
			sourceTree = "<group>";
		};
		4309ED821CA0E6AF0000FBBE /* Models */ = {
			isa = PBXGroup;
			children = (
				4309ED851CA0E6E60000FBBE /* Person.h */,
				4309ED861CA0E6E60000FBBE /* Person.m */,
				4309ED941CA0ECFA0000FBBE /* Person+test.h */,
				4309ED951CA0ECFA0000FBBE /* Person+test.m */,
			);
			name = Models;
			sourceTree = "<group>";
		};
		4309ED831CA0E6B50000FBBE /* Views */ = {
			isa = PBXGroup;
			children = (
			);
			name = Views;
			sourceTree = "<group>";
		};
		4309ED841CA0E6C40000FBBE /* Controllers */ = {
			isa = PBXGroup;
			children = (
				4309ED8D1CA0EB730000FBBE /* HomeViewController.h */,
				4309ED8E1CA0EB730000FBBE /* HomeViewController.m */,
				4309ED8F1CA0EB730000FBBE /* HomeViewController.xib */,
			);
			name = Controllers;
			sourceTree = "<group>";
		};
/* End PBXGroup section */

/* Begin PBXNativeTarget section */
		4309ED661CA0E6500000FBBE /* objc_runtime_002 */ = {
			isa = PBXNativeTarget;
			buildConfigurationList = 4309ED7E1CA0E6510000FBBE /* Build configuration list for PBXNativeTarget "objc_runtime_002" */;
			buildPhases = (
				4309ED631CA0E6500000FBBE /* Sources */,
				4309ED641CA0E6500000FBBE /* Frameworks */,
				4309ED651CA0E6500000FBBE /* Resources */,
			);
			buildRules = (
			);
			dependencies = (
			);
			name = objc_runtime_002;
			productName = objc_runtime_002;
			productReference = 4309ED671CA0E6500000FBBE /* objc_runtime_002.app */;
			productType = "com.apple.product-type.application";
		};
/* End PBXNativeTarget section */

/* Begin PBXProject section */
		4309ED5F1CA0E6500000FBBE /* Project object */ = {
			isa = PBXProject;
			attributes = {
				LastUpgradeCheck = 0710;
				ORGANIZATIONNAME = "大辉郎";
				TargetAttributes = {
					4309ED661CA0E6500000FBBE = {
						CreatedOnToolsVersion = 7.1.1;
						DevelopmentTeam = V7SHS4UC6G;
					};
				};
			};
			buildConfigurationList = 4309ED621CA0E6500000FBBE /* Build configuration list for PBXProject "objc_runtime_002" */;
			compatibilityVersion = "Xcode 3.2";
			developmentRegion = English;
			hasScannedForEncodings = 0;
			knownRegions = (
				en,
				Base,
			);
			mainGroup = 4309ED5E1CA0E6500000FBBE;
			productRefGroup = 4309ED681CA0E6500000FBBE /* Products */;
			projectDirPath = "";
			projectRoot = "";
			targets = (
				4309ED661CA0E6500000FBBE /* objc_runtime_002 */,
			);
		};
/* End PBXProject section */

/* Begin PBXResourcesBuildPhase section */
		4309ED651CA0E6500000FBBE /* Resources */ = {
			isa = PBXResourcesBuildPhase;
			buildActionMask = 2147483647;
			files = (
				4309ED771CA0E6510000FBBE /* Assets.xcassets in Resources */,
				4309ED931CA0ECCA0000FBBE /* Default-568h@2x.png in Resources */,
				4309ED751CA0E6510000FBBE /* Main.storyboard in Resources */,
				4309ED911CA0EB730000FBBE /* HomeViewController.xib in Resources */,
			);
			runOnlyForDeploymentPostprocessing = 0;
		};
/* End PBXResourcesBuildPhase section */

/* Begin PBXSourcesBuildPhase section */
		4309ED631CA0E6500000FBBE /* Sources */ = {
			isa = PBXSourcesBuildPhase;
			buildActionMask = 2147483647;
			files = (
				4309ED961CA0ECFA0000FBBE /* Person+test.m in Sources */,
				4309ED721CA0E6510000FBBE /* ViewController.m in Sources */,
				4309ED6F1CA0E6510000FBBE /* AppDelegate.m in Sources */,
				4309ED871CA0E6E60000FBBE /* Person.m in Sources */,
				4309ED901CA0EB730000FBBE /* HomeViewController.m in Sources */,
				4309ED6C1CA0E6510000FBBE /* main.m in Sources */,
			);
			runOnlyForDeploymentPostprocessing = 0;
		};
/* End PBXSourcesBuildPhase section */

/* Begin PBXVariantGroup section */
		4309ED731CA0E6510000FBBE /* Main.storyboard */ = {
			isa = PBXVariantGroup;
			children = (
				4309ED741CA0E6510000FBBE /* Base */,
			);
			name = Main.storyboard;
			sourceTree = "<group>";
		};
/* End PBXVariantGroup section */

/* Begin XCBuildConfiguration section */
		4309ED7C1CA0E6510000FBBE /* Debug */ = {
			isa = XCBuildConfiguration;
			buildSettings = {
				ALWAYS_SEARCH_USER_PATHS = NO;
				CLANG_CXX_LANGUAGE_STANDARD = "gnu++0x";
				CLANG_CXX_LIBRARY = "libc++";
				CLANG_ENABLE_MODULES = YES;
				CLANG_ENABLE_OBJC_ARC = YES;
				CLANG_WARN_BOOL_CONVERSION = YES;
				CLANG_WARN_CONSTANT_CONVERSION = YES;
				CLANG_WARN_DIRECT_OBJC_ISA_USAGE = YES_ERROR;
				CLANG_WARN_EMPTY_BODY = YES;
				CLANG_WARN_ENUM_CONVERSION = YES;
				CLANG_WARN_INT_CONVERSION = YES;
				CLANG_WARN_OBJC_ROOT_CLASS = YES_ERROR;
				CLANG_WARN_UNREACHABLE_CODE = YES;
				CLANG_WARN__DUPLICATE_METHOD_MATCH = YES;
				"CODE_SIGN_IDENTITY[sdk=iphoneos*]" = "iPhone Developer";
				COPY_PHASE_STRIP = NO;
				DEBUG_INFORMATION_FORMAT = dwarf;
				ENABLE_STRICT_OBJC_MSGSEND = YES;
				ENABLE_TESTABILITY = YES;
				GCC_C_LANGUAGE_STANDARD = gnu99;
				GCC_DYNAMIC_NO_PIC = NO;
				GCC_NO_COMMON_BLOCKS = YES;
				GCC_OPTIMIZATION_LEVEL = 0;
				GCC_PREPROCESSOR_DEFINITIONS = (
					"DEBUG=1",
					"$(inherited)",
				);
				GCC_WARN_64_TO_32_BIT_CONVERSION = YES;
				GCC_WARN_ABOUT_RETURN_TYPE = YES_ERROR;
				GCC_WARN_UNDECLARED_SELECTOR = YES;
				GCC_WARN_UNINITIALIZED_AUTOS = YES_AGGRESSIVE;
				GCC_WARN_UNUSED_FUNCTION = YES;
				GCC_WARN_UNUSED_VARIABLE = YES;
				IPHONEOS_DEPLOYMENT_TARGET = 9.1;
				MTL_ENABLE_DEBUG_INFO = YES;
				ONLY_ACTIVE_ARCH = YES;
				SDKROOT = iphoneos;
			};
			name = Debug;
		};
		4309ED7D1CA0E6510000FBBE /* Release */ = {
			isa = XCBuildConfiguration;
			buildSettings = {
				ALWAYS_SEARCH_USER_PATHS = NO;
				CLANG_CXX_LANGUAGE_STANDARD = "gnu++0x";
				CLANG_CXX_LIBRARY = "libc++";
				CLANG_ENABLE_MODULES = YES;
				CLANG_ENABLE_OBJC_ARC = YES;
				CLANG_WARN_BOOL_CONVERSION = YES;
				CLANG_WARN_CONSTANT_CONVERSION = YES;
				CLANG_WARN_DIRECT_OBJC_ISA_USAGE = YES_ERROR;
				CLANG_WARN_EMPTY_BODY = YES;
				CLANG_WARN_ENUM_CONVERSION = YES;
				CLANG_WARN_INT_CONVERSION = YES;
				CLANG_WARN_OBJC_ROOT_CLASS = YES_ERROR;
				CLANG_WARN_UNREACHABLE_CODE = YES;
				CLANG_WARN__DUPLICATE_METHOD_MATCH = YES;
				"CODE_SIGN_IDENTITY[sdk=iphoneos*]" = "iPhone Developer";
				COPY_PHASE_STRIP = NO;
				DEBUG_INFORMATION_FORMAT = "dwarf-with-dsym";
				ENABLE_NS_ASSERTIONS = NO;
				ENABLE_STRICT_OBJC_MSGSEND = YES;
				GCC_C_LANGUAGE_STANDARD = gnu99;
				GCC_NO_COMMON_BLOCKS = YES;
				GCC_WARN_64_TO_32_BIT_CONVERSION = YES;
				GCC_WARN_ABOUT_RETURN_TYPE = YES_ERROR;
				GCC_WARN_UNDECLARED_SELECTOR = YES;
				GCC_WARN_UNINITIALIZED_AUTOS = YES_AGGRESSIVE;
				GCC_WARN_UNUSED_FUNCTION = YES;
				GCC_WARN_UNUSED_VARIABLE = YES;
				IPHONEOS_DEPLOYMENT_TARGET = 9.1;
				MTL_ENABLE_DEBUG_INFO = NO;
				SDKROOT = iphoneos;
				VALIDATE_PRODUCT = YES;
			};
			name = Release;
		};
		4309ED7F1CA0E6510000FBBE /* Debug */ = {
			isa = XCBuildConfiguration;
			buildSettings = {
				ASSETCATALOG_COMPILER_APPICON_NAME = AppIcon;
				CODE_SIGN_IDENTITY = "iPhone Developer";
				INFOPLIST_FILE = objc_runtime_002/Info.plist;
				LD_RUNPATH_SEARCH_PATHS = "$(inherited) @executable_path/Frameworks";
				PRODUCT_BUNDLE_IDENTIFIER = "llh.DHL.objc-runtime-002";
				PRODUCT_NAME = "$(TARGET_NAME)";
				TARGETED_DEVICE_FAMILY = "1,2";
			};
			name = Debug;
		};
		4309ED801CA0E6510000FBBE /* Release */ = {
			isa = XCBuildConfiguration;
			buildSettings = {
				ASSETCATALOG_COMPILER_APPICON_NAME = AppIcon;
				CODE_SIGN_IDENTITY = "iPhone Developer";
				INFOPLIST_FILE = objc_runtime_002/Info.plist;
				LD_RUNPATH_SEARCH_PATHS = "$(inherited) @executable_path/Frameworks";
				PRODUCT_BUNDLE_IDENTIFIER = "llh.DHL.objc-runtime-002";
				PRODUCT_NAME = "$(TARGET_NAME)";
				TARGETED_DEVICE_FAMILY = "1,2";
			};
			name = Release;
		};
/* End XCBuildConfiguration section */

/* Begin XCConfigurationList section */
		4309ED621CA0E6500000FBBE /* Build configuration list for PBXProject "objc_runtime_002" */ = {
			isa = XCConfigurationList;
			buildConfigurations = (
				4309ED7C1CA0E6510000FBBE /* Debug */,
				4309ED7D1CA0E6510000FBBE /* Release */,
			);
			defaultConfigurationIsVisible = 0;
			defaultConfigurationName = Release;
		};
		4309ED7E1CA0E6510000FBBE /* Build configuration list for PBXNativeTarget "objc_runtime_002" */ = {
			isa = XCConfigurationList;
			buildConfigurations = (
				4309ED7F1CA0E6510000FBBE /* Debug */,
				4309ED801CA0E6510000FBBE /* Release */,
			);
			defaultConfigurationIsVisible = 0;
			defaultConfigurationName = Release;
		};
/* End XCConfigurationList section */
	};
	rootObject = 4309ED5F1CA0E6500000FBBE /* Project object */;
}
